// !$*UTF8*$!
{
	archiveVersion = 1;
	classes = {
	};
	objectVersion = 48;
	objects = {

/* Begin PBXBuildFile section */
		59D0CD77E17F31A0E9F557A8 /* Pods_JobHub.framework in Frameworks */ = {isa = PBXBuildFile; fileRef = 25C6AB7571DB07E4BC6A8851 /* Pods_JobHub.framework */; };
		DE151ABA205767E700C2E770 /* ChatStoryboard.storyboard in Resources */ = {isa = PBXBuildFile; fileRef = DE151AB9205767E700C2E770 /* ChatStoryboard.storyboard */; };
		DE151ABC205767F500C2E770 /* SettingsStoryboard.storyboard in Resources */ = {isa = PBXBuildFile; fileRef = DE151ABB205767F500C2E770 /* SettingsStoryboard.storyboard */; };
		DE151ABE2057680200C2E770 /* ContactsStoryboard.storyboard in Resources */ = {isa = PBXBuildFile; fileRef = DE151ABD2057680200C2E770 /* ContactsStoryboard.storyboard */; };
		DE151AC02057689100C2E770 /* ChatListingViewController.swift in Sources */ = {isa = PBXBuildFile; fileRef = DE151ABF2057689100C2E770 /* ChatListingViewController.swift */; };
		DE151AC2205768C400C2E770 /* SettingsLandingViewController.swift in Sources */ = {isa = PBXBuildFile; fileRef = DE151AC1205768C400C2E770 /* SettingsLandingViewController.swift */; };
		DE151AC4205768F700C2E770 /* ContactsListingViewController.swift in Sources */ = {isa = PBXBuildFile; fileRef = DE151AC3205768F700C2E770 /* ContactsListingViewController.swift */; };
		DE151AC82057721B00C2E770 /* ProfileTableViewCell.swift in Sources */ = {isa = PBXBuildFile; fileRef = DE151AC62057721B00C2E770 /* ProfileTableViewCell.swift */; };
		DE151AC92057721B00C2E770 /* ProfileTableViewCell.xib in Resources */ = {isa = PBXBuildFile; fileRef = DE151AC72057721B00C2E770 /* ProfileTableViewCell.xib */; };
		DE151ACD20578A6F00C2E770 /* AccountViewController.swift in Sources */ = {isa = PBXBuildFile; fileRef = DE151ACC20578A6F00C2E770 /* AccountViewController.swift */; };
		DE151ACF2057992300C2E770 /* PrivacyViewController.swift in Sources */ = {isa = PBXBuildFile; fileRef = DE151ACE2057992300C2E770 /* PrivacyViewController.swift */; };
		DE151AD1205799C700C2E770 /* Constants.swift in Sources */ = {isa = PBXBuildFile; fileRef = DE151AD0205799C700C2E770 /* Constants.swift */; };
		DE151AD320579D3500C2E770 /* SelectPrivacyViewController.swift in Sources */ = {isa = PBXBuildFile; fileRef = DE151AD220579D3500C2E770 /* SelectPrivacyViewController.swift */; };
		DE151AD52057A48400C2E770 /* ChangePhoneNumberViewController.swift in Sources */ = {isa = PBXBuildFile; fileRef = DE151AD42057A48400C2E770 /* ChangePhoneNumberViewController.swift */; };
		DE151AD92057A4FE00C2E770 /* PhoneNumberTableViewCell.xib in Resources */ = {isa = PBXBuildFile; fileRef = DE151AD72057A4FE00C2E770 /* PhoneNumberTableViewCell.xib */; };
		DE151ADA2057A4FE00C2E770 /* PhoneNumberTableViewCell.swift in Sources */ = {isa = PBXBuildFile; fileRef = DE151AD82057A4FE00C2E770 /* PhoneNumberTableViewCell.swift */; };
		DE151ADC2057A75800C2E770 /* DeleteAccountViewController.swift in Sources */ = {isa = PBXBuildFile; fileRef = DE151ADB2057A75800C2E770 /* DeleteAccountViewController.swift */; };
		DE151AE02057A7C100C2E770 /* DeleteInfoTableViewCell.swift in Sources */ = {isa = PBXBuildFile; fileRef = DE151ADE2057A7C100C2E770 /* DeleteInfoTableViewCell.swift */; };
		DE151AE12057A7C100C2E770 /* DeleteInfoTableViewCell.xib in Resources */ = {isa = PBXBuildFile; fileRef = DE151ADF2057A7C100C2E770 /* DeleteInfoTableViewCell.xib */; };
		DE151AE72057ABF900C2E770 /* JobListCellTableViewCell.swift in Sources */ = {isa = PBXBuildFile; fileRef = DE151AE52057ABF900C2E770 /* JobListCellTableViewCell.swift */; };
		DE151AE82057ABF900C2E770 /* JobListCellTableViewCell.xib in Resources */ = {isa = PBXBuildFile; fileRef = DE151AE62057ABF900C2E770 /* JobListCellTableViewCell.xib */; };
		DE151AEA2057AF3100C2E770 /* JobSearchListingViewController.swift in Sources */ = {isa = PBXBuildFile; fileRef = DE151AE92057AF3100C2E770 /* JobSearchListingViewController.swift */; };
		DE151AF02057C33D00C2E770 /* ChatListingTableViewCell.swift in Sources */ = {isa = PBXBuildFile; fileRef = DE151AEE2057C33D00C2E770 /* ChatListingTableViewCell.swift */; };
		DE151AF12057C33D00C2E770 /* ChatListingTableViewCell.xib in Resources */ = {isa = PBXBuildFile; fileRef = DE151AEF2057C33D00C2E770 /* ChatListingTableViewCell.xib */; };
		DE151AF62057C7F000C2E770 /* ContactListTableViewCell.swift in Sources */ = {isa = PBXBuildFile; fileRef = DE151AF42057C7EF00C2E770 /* ContactListTableViewCell.swift */; };
		DE151AF72057C7F000C2E770 /* ContactListTableViewCell.xib in Resources */ = {isa = PBXBuildFile; fileRef = DE151AF52057C7EF00C2E770 /* ContactListTableViewCell.xib */; };
		DE151AF92057C8F300C2E770 /* ContactSearchResultViewController.swift in Sources */ = {isa = PBXBuildFile; fileRef = DE151AF82057C8F200C2E770 /* ContactSearchResultViewController.swift */; };
		DE151AFB2057C98700C2E770 /* ContactViewModel.swift in Sources */ = {isa = PBXBuildFile; fileRef = DE151AFA2057C98700C2E770 /* ContactViewModel.swift */; };
		DE151B002057CC2200C2E770 /* Status.swift in Sources */ = {isa = PBXBuildFile; fileRef = DE151AFE2057CC2200C2E770 /* Status.swift */; };
		DE151B022057CC6200C2E770 /* CoreDataHelper.swift in Sources */ = {isa = PBXBuildFile; fileRef = DE151B012057CC6100C2E770 /* CoreDataHelper.swift */; };
		DE151B042057CE2800C2E770 /* StringHelper.swift in Sources */ = {isa = PBXBuildFile; fileRef = DE151B032057CE2800C2E770 /* StringHelper.swift */; };
		DE151B0620584BC900C2E770 /* ContactProfileViewController.swift in Sources */ = {isa = PBXBuildFile; fileRef = DE151B0520584BC900C2E770 /* ContactProfileViewController.swift */; };
		DE46858A2050C98F007E2E85 /* AppDelegate.swift in Sources */ = {isa = PBXBuildFile; fileRef = DE4685892050C98F007E2E85 /* AppDelegate.swift */; };
		DE46858F2050C98F007E2E85 /* Main.storyboard in Resources */ = {isa = PBXBuildFile; fileRef = DE46858D2050C98F007E2E85 /* Main.storyboard */; };
		DE4685922050C98F007E2E85 /* JobHub.xcdatamodeld in Sources */ = {isa = PBXBuildFile; fileRef = DE4685902050C98F007E2E85 /* JobHub.xcdatamodeld */; };
		DE4685942050C98F007E2E85 /* Assets.xcassets in Resources */ = {isa = PBXBuildFile; fileRef = DE4685932050C98F007E2E85 /* Assets.xcassets */; };
		DE4685972050C98F007E2E85 /* LaunchScreen.storyboard in Resources */ = {isa = PBXBuildFile; fileRef = DE4685952050C98F007E2E85 /* LaunchScreen.storyboard */; };
		DE46859F2050CB23007E2E85 /* GoogleService-Info.plist in Resources */ = {isa = PBXBuildFile; fileRef = DE46859E2050CB23007E2E85 /* GoogleService-Info.plist */; };
		DE4685B72050CE2E007E2E85 /* NetworkConstants.swift in Sources */ = {isa = PBXBuildFile; fileRef = DE4685B52050CE2E007E2E85 /* NetworkConstants.swift */; };
		DE4685B82050CE2E007E2E85 /* DataFetchManager.swift in Sources */ = {isa = PBXBuildFile; fileRef = DE4685B62050CE2E007E2E85 /* DataFetchManager.swift */; };
		DE4685BC2050CE3D007E2E85 /* AlertManager.swift in Sources */ = {isa = PBXBuildFile; fileRef = DE4685BA2050CE3D007E2E85 /* AlertManager.swift */; };
		DE4685BD2050CE3D007E2E85 /* ActivityIndicatorManager.swift in Sources */ = {isa = PBXBuildFile; fileRef = DE4685BB2050CE3D007E2E85 /* ActivityIndicatorManager.swift */; };
		DE4685C82050CFFA007E2E85 /* SearchViewController.swift in Sources */ = {isa = PBXBuildFile; fileRef = DE4685C72050CFFA007E2E85 /* SearchViewController.swift */; };
		DE4685CA2050D01D007E2E85 /* DataAnalyticsViewController.swift in Sources */ = {isa = PBXBuildFile; fileRef = DE4685C92050D01D007E2E85 /* DataAnalyticsViewController.swift */; };
		DE4685CC2050D075007E2E85 /* StoryboardHelper.swift in Sources */ = {isa = PBXBuildFile; fileRef = DE4685CB2050D075007E2E85 /* StoryboardHelper.swift */; };
		DE4685CE20510324007E2E85 /* UIViewHelper.swift in Sources */ = {isa = PBXBuildFile; fileRef = DE4685CD20510324007E2E85 /* UIViewHelper.swift */; };
		DE5569362058DC1B006E52BF /* AddContactTableViewCell.swift in Sources */ = {isa = PBXBuildFile; fileRef = DE5569342058DC1B006E52BF /* AddContactTableViewCell.swift */; };
		DE5569372058DC1B006E52BF /* AddContactTableViewCell.xib in Resources */ = {isa = PBXBuildFile; fileRef = DE5569352058DC1B006E52BF /* AddContactTableViewCell.xib */; };
		DE55693C2058F1DA006E52BF /* PeopleStoryboard.storyboard in Resources */ = {isa = PBXBuildFile; fileRef = DE55693B2058F1DA006E52BF /* PeopleStoryboard.storyboard */; };
		DE55693E2058F207006E52BF /* PeopleViewController.swift in Sources */ = {isa = PBXBuildFile; fileRef = DE55693D2058F207006E52BF /* PeopleViewController.swift */; };
		DE5569432058F3FA006E52BF /* PeopleListingTableViewCell.swift in Sources */ = {isa = PBXBuildFile; fileRef = DE5569412058F3FA006E52BF /* PeopleListingTableViewCell.swift */; };
		DE5569442058F3FA006E52BF /* PeopleListingTableViewCell.xib in Resources */ = {isa = PBXBuildFile; fileRef = DE5569422058F3FA006E52BF /* PeopleListingTableViewCell.xib */; };
		DE5569462058F7F6006E52BF /* PeopleSearchResultViewController.swift in Sources */ = {isa = PBXBuildFile; fileRef = DE5569452058F7F6006E52BF /* PeopleSearchResultViewController.swift */; };
		DE5569482058FE7E006E52BF /* Jobs.swift in Sources */ = {isa = PBXBuildFile; fileRef = DE5569472058FE7E006E52BF /* Jobs.swift */; };
		DE55694C2059628D006E52BF /* JobHelper.swift in Sources */ = {isa = PBXBuildFile; fileRef = DE55694B2059628D006E52BF /* JobHelper.swift */; };
		DE55694E2059A9EC006E52BF /* RegistrationViewController.swift in Sources */ = {isa = PBXBuildFile; fileRef = DE55694D2059A9EC006E52BF /* RegistrationViewController.swift */; };
		DE58AB712051EBC400D5240A /* LoginViewController.swift in Sources */ = {isa = PBXBuildFile; fileRef = DE58AB6F2051EBC400D5240A /* LoginViewController.swift */; };
		DE58AB722051EBC400D5240A /* SignUpViewController.swift in Sources */ = {isa = PBXBuildFile; fileRef = DE58AB702051EBC400D5240A /* SignUpViewController.swift */; };
		DE58AB792051ECD000D5240A /* JobTitlesViewController.swift in Sources */ = {isa = PBXBuildFile; fileRef = DE58AB782051ECCF00D5240A /* JobTitlesViewController.swift */; };
		DE58AB7B2051ECE600D5240A /* HomeStoryboard.storyboard in Resources */ = {isa = PBXBuildFile; fileRef = DE58AB7A2051ECE600D5240A /* HomeStoryboard.storyboard */; };
		DE58AB7D2051F16800D5240A /* JobIndustryViewController.swift in Sources */ = {isa = PBXBuildFile; fileRef = DE58AB7C2051F16800D5240A /* JobIndustryViewController.swift */; };
		DE58AB7F2051F1AD00D5240A /* JobLocationViewController.swift in Sources */ = {isa = PBXBuildFile; fileRef = DE58AB7E2051F1AD00D5240A /* JobLocationViewController.swift */; };
		DE58AB812051F3A000D5240A /* TableViewHelper.swift in Sources */ = {isa = PBXBuildFile; fileRef = DE58AB802051F3A000D5240A /* TableViewHelper.swift */; };
		DE58AB83205276F100D5240A /* JobSearchViewController.swift in Sources */ = {isa = PBXBuildFile; fileRef = DE58AB82205276F100D5240A /* JobSearchViewController.swift */; };
		DE58AB8F2052D20500D5240A /* JobFilterTableViewCell.swift in Sources */ = {isa = PBXBuildFile; fileRef = DE58AB8D2052D20500D5240A /* JobFilterTableViewCell.swift */; };
		DE58AB902052D20500D5240A /* JobFilterTableViewCell.xib in Resources */ = {isa = PBXBuildFile; fileRef = DE58AB8E2052D20500D5240A /* JobFilterTableViewCell.xib */; };
		DE58AB922052F0CC00D5240A /* JobHomeViewController.swift in Sources */ = {isa = PBXBuildFile; fileRef = DE58AB912052F0CC00D5240A /* JobHomeViewController.swift */; };
		DE7785452059FB9B00E66A16 /* Contact.swift in Sources */ = {isa = PBXBuildFile; fileRef = DE7785442059FB9B00E66A16 /* Contact.swift */; };
		DE7785482059FDAC00E66A16 /* People.swift in Sources */ = {isa = PBXBuildFile; fileRef = DE7785472059FDAC00E66A16 /* People.swift */; };
		DEA9E501205C33AF005A0AA3 /* PeopleViewModel.swift in Sources */ = {isa = PBXBuildFile; fileRef = DEA9E500205C33AF005A0AA3 /* PeopleViewModel.swift */; };
/* End PBXBuildFile section */

/* Begin PBXFileReference section */
		25C6AB7571DB07E4BC6A8851 /* Pods_JobHub.framework */ = {isa = PBXFileReference; explicitFileType = wrapper.framework; includeInIndex = 0; path = Pods_JobHub.framework; sourceTree = BUILT_PRODUCTS_DIR; };
		7105ADAE8AEF1B0FC18DC068 /* Pods-JobHub.release.xcconfig */ = {isa = PBXFileReference; includeInIndex = 1; lastKnownFileType = text.xcconfig; name = "Pods-JobHub.release.xcconfig"; path = "Pods/Target Support Files/Pods-JobHub/Pods-JobHub.release.xcconfig"; sourceTree = "<group>"; };
		997AF5F7BF040DCF5532CD4B /* Pods-JobHub.debug.xcconfig */ = {isa = PBXFileReference; includeInIndex = 1; lastKnownFileType = text.xcconfig; name = "Pods-JobHub.debug.xcconfig"; path = "Pods/Target Support Files/Pods-JobHub/Pods-JobHub.debug.xcconfig"; sourceTree = "<group>"; };
		DE151AB9205767E700C2E770 /* ChatStoryboard.storyboard */ = {isa = PBXFileReference; lastKnownFileType = file.storyboard; path = ChatStoryboard.storyboard; sourceTree = "<group>"; };
		DE151ABB205767F500C2E770 /* SettingsStoryboard.storyboard */ = {isa = PBXFileReference; lastKnownFileType = file.storyboard; path = SettingsStoryboard.storyboard; sourceTree = "<group>"; };
		DE151ABD2057680200C2E770 /* ContactsStoryboard.storyboard */ = {isa = PBXFileReference; lastKnownFileType = file.storyboard; path = ContactsStoryboard.storyboard; sourceTree = "<group>"; };
		DE151ABF2057689100C2E770 /* ChatListingViewController.swift */ = {isa = PBXFileReference; lastKnownFileType = sourcecode.swift; path = ChatListingViewController.swift; sourceTree = "<group>"; };
		DE151AC1205768C400C2E770 /* SettingsLandingViewController.swift */ = {isa = PBXFileReference; lastKnownFileType = sourcecode.swift; path = SettingsLandingViewController.swift; sourceTree = "<group>"; };
		DE151AC3205768F700C2E770 /* ContactsListingViewController.swift */ = {isa = PBXFileReference; lastKnownFileType = sourcecode.swift; path = ContactsListingViewController.swift; sourceTree = "<group>"; };
		DE151AC62057721B00C2E770 /* ProfileTableViewCell.swift */ = {isa = PBXFileReference; fileEncoding = 4; lastKnownFileType = sourcecode.swift; path = ProfileTableViewCell.swift; sourceTree = "<group>"; };
		DE151AC72057721B00C2E770 /* ProfileTableViewCell.xib */ = {isa = PBXFileReference; fileEncoding = 4; lastKnownFileType = file.xib; path = ProfileTableViewCell.xib; sourceTree = "<group>"; };
		DE151ACC20578A6F00C2E770 /* AccountViewController.swift */ = {isa = PBXFileReference; lastKnownFileType = sourcecode.swift; path = AccountViewController.swift; sourceTree = "<group>"; };
		DE151ACE2057992300C2E770 /* PrivacyViewController.swift */ = {isa = PBXFileReference; lastKnownFileType = sourcecode.swift; path = PrivacyViewController.swift; sourceTree = "<group>"; };
		DE151AD0205799C700C2E770 /* Constants.swift */ = {isa = PBXFileReference; lastKnownFileType = sourcecode.swift; name = Constants.swift; path = Utilities/Constants.swift; sourceTree = "<group>"; };
		DE151AD220579D3500C2E770 /* SelectPrivacyViewController.swift */ = {isa = PBXFileReference; lastKnownFileType = sourcecode.swift; path = SelectPrivacyViewController.swift; sourceTree = "<group>"; };
		DE151AD42057A48400C2E770 /* ChangePhoneNumberViewController.swift */ = {isa = PBXFileReference; lastKnownFileType = sourcecode.swift; path = ChangePhoneNumberViewController.swift; sourceTree = "<group>"; };
		DE151AD72057A4FE00C2E770 /* PhoneNumberTableViewCell.xib */ = {isa = PBXFileReference; fileEncoding = 4; lastKnownFileType = file.xib; path = PhoneNumberTableViewCell.xib; sourceTree = "<group>"; };
		DE151AD82057A4FE00C2E770 /* PhoneNumberTableViewCell.swift */ = {isa = PBXFileReference; fileEncoding = 4; lastKnownFileType = sourcecode.swift; path = PhoneNumberTableViewCell.swift; sourceTree = "<group>"; };
		DE151ADB2057A75800C2E770 /* DeleteAccountViewController.swift */ = {isa = PBXFileReference; lastKnownFileType = sourcecode.swift; path = DeleteAccountViewController.swift; sourceTree = "<group>"; };
		DE151ADE2057A7C100C2E770 /* DeleteInfoTableViewCell.swift */ = {isa = PBXFileReference; fileEncoding = 4; lastKnownFileType = sourcecode.swift; path = DeleteInfoTableViewCell.swift; sourceTree = "<group>"; };
		DE151ADF2057A7C100C2E770 /* DeleteInfoTableViewCell.xib */ = {isa = PBXFileReference; fileEncoding = 4; lastKnownFileType = file.xib; path = DeleteInfoTableViewCell.xib; sourceTree = "<group>"; };
		DE151AE52057ABF900C2E770 /* JobListCellTableViewCell.swift */ = {isa = PBXFileReference; lastKnownFileType = sourcecode.swift; name = JobListCellTableViewCell.swift; path = Modules/Home/Views/TableViewCell/JobListCell/JobListCellTableViewCell.swift; sourceTree = "<group>"; };
		DE151AE62057ABF900C2E770 /* JobListCellTableViewCell.xib */ = {isa = PBXFileReference; lastKnownFileType = file.xib; name = JobListCellTableViewCell.xib; path = Modules/Home/Views/TableViewCell/JobListCell/JobListCellTableViewCell.xib; sourceTree = "<group>"; };
		DE151AE92057AF3100C2E770 /* JobSearchListingViewController.swift */ = {isa = PBXFileReference; lastKnownFileType = sourcecode.swift; name = JobSearchListingViewController.swift; path = Modules/Home/ViewControllers/JobSearchListingViewController.swift; sourceTree = "<group>"; };
		DE151AEE2057C33D00C2E770 /* ChatListingTableViewCell.swift */ = {isa = PBXFileReference; lastKnownFileType = sourcecode.swift; path = ChatListingTableViewCell.swift; sourceTree = "<group>"; };
		DE151AEF2057C33D00C2E770 /* ChatListingTableViewCell.xib */ = {isa = PBXFileReference; lastKnownFileType = file.xib; path = ChatListingTableViewCell.xib; sourceTree = "<group>"; };
		DE151AF42057C7EF00C2E770 /* ContactListTableViewCell.swift */ = {isa = PBXFileReference; fileEncoding = 4; lastKnownFileType = sourcecode.swift; path = ContactListTableViewCell.swift; sourceTree = "<group>"; };
		DE151AF52057C7EF00C2E770 /* ContactListTableViewCell.xib */ = {isa = PBXFileReference; fileEncoding = 4; lastKnownFileType = file.xib; path = ContactListTableViewCell.xib; sourceTree = "<group>"; };
		DE151AF82057C8F200C2E770 /* ContactSearchResultViewController.swift */ = {isa = PBXFileReference; fileEncoding = 4; lastKnownFileType = sourcecode.swift; path = ContactSearchResultViewController.swift; sourceTree = "<group>"; };
		DE151AFA2057C98700C2E770 /* ContactViewModel.swift */ = {isa = PBXFileReference; lastKnownFileType = sourcecode.swift; path = ContactViewModel.swift; sourceTree = "<group>"; };
		DE151AFE2057CC2200C2E770 /* Status.swift */ = {isa = PBXFileReference; fileEncoding = 4; lastKnownFileType = sourcecode.swift; name = Status.swift; path = Models/Status.swift; sourceTree = "<group>"; };
		DE151B012057CC6100C2E770 /* CoreDataHelper.swift */ = {isa = PBXFileReference; fileEncoding = 4; lastKnownFileType = sourcecode.swift; name = CoreDataHelper.swift; path = Utilities/CoreDataHelper.swift; sourceTree = "<group>"; };
		DE151B032057CE2800C2E770 /* StringHelper.swift */ = {isa = PBXFileReference; lastKnownFileType = sourcecode.swift; path = StringHelper.swift; sourceTree = "<group>"; };
		DE151B0520584BC900C2E770 /* ContactProfileViewController.swift */ = {isa = PBXFileReference; lastKnownFileType = sourcecode.swift; path = ContactProfileViewController.swift; sourceTree = "<group>"; };
		DE4685862050C98F007E2E85 /* JobHub.app */ = {isa = PBXFileReference; explicitFileType = wrapper.application; includeInIndex = 0; path = JobHub.app; sourceTree = BUILT_PRODUCTS_DIR; };
		DE4685892050C98F007E2E85 /* AppDelegate.swift */ = {isa = PBXFileReference; lastKnownFileType = sourcecode.swift; path = AppDelegate.swift; sourceTree = "<group>"; };
		DE46858E2050C98F007E2E85 /* Base */ = {isa = PBXFileReference; lastKnownFileType = file.storyboard; name = Base; path = Base.lproj/Main.storyboard; sourceTree = "<group>"; };
		DE4685912050C98F007E2E85 /* JobHub.xcdatamodel */ = {isa = PBXFileReference; lastKnownFileType = wrapper.xcdatamodel; path = JobHub.xcdatamodel; sourceTree = "<group>"; };
		DE4685932050C98F007E2E85 /* Assets.xcassets */ = {isa = PBXFileReference; lastKnownFileType = folder.assetcatalog; path = Assets.xcassets; sourceTree = "<group>"; };
		DE4685962050C98F007E2E85 /* Base */ = {isa = PBXFileReference; lastKnownFileType = file.storyboard; name = Base; path = Base.lproj/LaunchScreen.storyboard; sourceTree = "<group>"; };
		DE4685982050C98F007E2E85 /* Info.plist */ = {isa = PBXFileReference; lastKnownFileType = text.plist.xml; path = Info.plist; sourceTree = "<group>"; };
		DE46859E2050CB23007E2E85 /* GoogleService-Info.plist */ = {isa = PBXFileReference; fileEncoding = 4; lastKnownFileType = text.plist.xml; path = "GoogleService-Info.plist"; sourceTree = "<group>"; };
		DE4685B52050CE2E007E2E85 /* NetworkConstants.swift */ = {isa = PBXFileReference; fileEncoding = 4; lastKnownFileType = sourcecode.swift; name = NetworkConstants.swift; path = Network/NetworkConstants.swift; sourceTree = "<group>"; };
		DE4685B62050CE2E007E2E85 /* DataFetchManager.swift */ = {isa = PBXFileReference; fileEncoding = 4; lastKnownFileType = sourcecode.swift; name = DataFetchManager.swift; path = Network/DataFetchManager.swift; sourceTree = "<group>"; };
		DE4685BA2050CE3D007E2E85 /* AlertManager.swift */ = {isa = PBXFileReference; fileEncoding = 4; lastKnownFileType = sourcecode.swift; name = AlertManager.swift; path = Utilities/AlertManager.swift; sourceTree = "<group>"; };
		DE4685BB2050CE3D007E2E85 /* ActivityIndicatorManager.swift */ = {isa = PBXFileReference; fileEncoding = 4; lastKnownFileType = sourcecode.swift; name = ActivityIndicatorManager.swift; path = Utilities/ActivityIndicatorManager.swift; sourceTree = "<group>"; };
		DE4685C72050CFFA007E2E85 /* SearchViewController.swift */ = {isa = PBXFileReference; lastKnownFileType = sourcecode.swift; name = SearchViewController.swift; path = Modules/ViewController/SearchViewController.swift; sourceTree = "<group>"; };
		DE4685C92050D01D007E2E85 /* DataAnalyticsViewController.swift */ = {isa = PBXFileReference; lastKnownFileType = sourcecode.swift; name = DataAnalyticsViewController.swift; path = Modules/ViewController/DataAnalyticsViewController.swift; sourceTree = "<group>"; };
		DE4685CB2050D075007E2E85 /* StoryboardHelper.swift */ = {isa = PBXFileReference; lastKnownFileType = sourcecode.swift; name = StoryboardHelper.swift; path = Utilities/StoryboardHelper.swift; sourceTree = "<group>"; };
		DE4685CD20510324007E2E85 /* UIViewHelper.swift */ = {isa = PBXFileReference; fileEncoding = 4; lastKnownFileType = sourcecode.swift; name = UIViewHelper.swift; path = Utilities/UIViewHelper.swift; sourceTree = "<group>"; };
		DE5569342058DC1B006E52BF /* AddContactTableViewCell.swift */ = {isa = PBXFileReference; lastKnownFileType = sourcecode.swift; path = AddContactTableViewCell.swift; sourceTree = "<group>"; };
		DE5569352058DC1B006E52BF /* AddContactTableViewCell.xib */ = {isa = PBXFileReference; lastKnownFileType = file.xib; path = AddContactTableViewCell.xib; sourceTree = "<group>"; };
		DE55693B2058F1DA006E52BF /* PeopleStoryboard.storyboard */ = {isa = PBXFileReference; lastKnownFileType = file.storyboard; path = PeopleStoryboard.storyboard; sourceTree = "<group>"; };
		DE55693D2058F207006E52BF /* PeopleViewController.swift */ = {isa = PBXFileReference; lastKnownFileType = sourcecode.swift; path = PeopleViewController.swift; sourceTree = "<group>"; };
		DE5569412058F3FA006E52BF /* PeopleListingTableViewCell.swift */ = {isa = PBXFileReference; lastKnownFileType = sourcecode.swift; path = PeopleListingTableViewCell.swift; sourceTree = "<group>"; };
		DE5569422058F3FA006E52BF /* PeopleListingTableViewCell.xib */ = {isa = PBXFileReference; lastKnownFileType = file.xib; path = PeopleListingTableViewCell.xib; sourceTree = "<group>"; };
		DE5569452058F7F6006E52BF /* PeopleSearchResultViewController.swift */ = {isa = PBXFileReference; lastKnownFileType = sourcecode.swift; path = PeopleSearchResultViewController.swift; sourceTree = "<group>"; };
		DE5569472058FE7E006E52BF /* Jobs.swift */ = {isa = PBXFileReference; lastKnownFileType = sourcecode.swift; name = Jobs.swift; path = Models/Jobs.swift; sourceTree = "<group>"; };
		DE55694B2059628D006E52BF /* JobHelper.swift */ = {isa = PBXFileReference; lastKnownFileType = sourcecode.swift; path = JobHelper.swift; sourceTree = "<group>"; };
		DE55694D2059A9EC006E52BF /* RegistrationViewController.swift */ = {isa = PBXFileReference; lastKnownFileType = sourcecode.swift; name = RegistrationViewController.swift; path = Modules/Login/RegistrationViewController.swift; sourceTree = "<group>"; };
		DE58AB6F2051EBC400D5240A /* LoginViewController.swift */ = {isa = PBXFileReference; fileEncoding = 4; lastKnownFileType = sourcecode.swift; name = LoginViewController.swift; path = Modules/Login/LoginViewController.swift; sourceTree = "<group>"; };
		DE58AB702051EBC400D5240A /* SignUpViewController.swift */ = {isa = PBXFileReference; fileEncoding = 4; lastKnownFileType = sourcecode.swift; name = SignUpViewController.swift; path = Modules/Login/SignUpViewController.swift; sourceTree = "<group>"; };
		DE58AB782051ECCF00D5240A /* JobTitlesViewController.swift */ = {isa = PBXFileReference; fileEncoding = 4; lastKnownFileType = sourcecode.swift; name = JobTitlesViewController.swift; path = Modules/Home/ViewControllers/JobTitlesViewController.swift; sourceTree = "<group>"; };
		DE58AB7A2051ECE600D5240A /* HomeStoryboard.storyboard */ = {isa = PBXFileReference; lastKnownFileType = file.storyboard; name = HomeStoryboard.storyboard; path = Modules/Home/Storyboard/HomeStoryboard.storyboard; sourceTree = "<group>"; };
		DE58AB7C2051F16800D5240A /* JobIndustryViewController.swift */ = {isa = PBXFileReference; lastKnownFileType = sourcecode.swift; name = JobIndustryViewController.swift; path = Modules/Home/ViewControllers/JobIndustryViewController.swift; sourceTree = "<group>"; };
		DE58AB7E2051F1AD00D5240A /* JobLocationViewController.swift */ = {isa = PBXFileReference; lastKnownFileType = sourcecode.swift; name = JobLocationViewController.swift; path = Modules/Home/ViewControllers/JobLocationViewController.swift; sourceTree = "<group>"; };
		DE58AB802051F3A000D5240A /* TableViewHelper.swift */ = {isa = PBXFileReference; fileEncoding = 4; lastKnownFileType = sourcecode.swift; name = TableViewHelper.swift; path = Utilities/TableViewHelper.swift; sourceTree = "<group>"; };
		DE58AB82205276F100D5240A /* JobSearchViewController.swift */ = {isa = PBXFileReference; lastKnownFileType = sourcecode.swift; name = JobSearchViewController.swift; path = Modules/Home/ViewControllers/JobSearchViewController.swift; sourceTree = "<group>"; };
		DE58AB8D2052D20500D5240A /* JobFilterTableViewCell.swift */ = {isa = PBXFileReference; fileEncoding = 4; lastKnownFileType = sourcecode.swift; name = JobFilterTableViewCell.swift; path = Modules/Home/Views/TableViewCell/JobTitle/JobFilterTableViewCell.swift; sourceTree = "<group>"; };
		DE58AB8E2052D20500D5240A /* JobFilterTableViewCell.xib */ = {isa = PBXFileReference; fileEncoding = 4; lastKnownFileType = file.xib; name = JobFilterTableViewCell.xib; path = Modules/Home/Views/TableViewCell/JobTitle/JobFilterTableViewCell.xib; sourceTree = "<group>"; };
		DE58AB912052F0CC00D5240A /* JobHomeViewController.swift */ = {isa = PBXFileReference; lastKnownFileType = sourcecode.swift; name = JobHomeViewController.swift; path = Modules/Home/ViewControllers/JobHomeViewController.swift; sourceTree = "<group>"; };
		DE7785442059FB9B00E66A16 /* Contact.swift */ = {isa = PBXFileReference; lastKnownFileType = sourcecode.swift; name = Contact.swift; path = Models/Contact.swift; sourceTree = "<group>"; };
		DE7785472059FDAC00E66A16 /* People.swift */ = {isa = PBXFileReference; lastKnownFileType = sourcecode.swift; path = People.swift; sourceTree = "<group>"; };
		DEA9E500205C33AF005A0AA3 /* PeopleViewModel.swift */ = {isa = PBXFileReference; lastKnownFileType = sourcecode.swift; path = PeopleViewModel.swift; sourceTree = "<group>"; };
/* End PBXFileReference section */

/* Begin PBXFrameworksBuildPhase section */
		DE4685832050C98F007E2E85 /* Frameworks */ = {
			isa = PBXFrameworksBuildPhase;
			buildActionMask = 2147483647;
			files = (
				59D0CD77E17F31A0E9F557A8 /* Pods_JobHub.framework in Frameworks */,
			);
			runOnlyForDeploymentPostprocessing = 0;
		};
/* End PBXFrameworksBuildPhase section */

/* Begin PBXGroup section */
		DAC60FA163D998A2E9663D14 /* Pods */ = {
			isa = PBXGroup;
			children = (
				997AF5F7BF040DCF5532CD4B /* Pods-JobHub.debug.xcconfig */,
				7105ADAE8AEF1B0FC18DC068 /* Pods-JobHub.release.xcconfig */,
			);
			name = Pods;
			sourceTree = "<group>";
		};
		DE151AAE2057678A00C2E770 /* Chat */ = {
			isa = PBXGroup;
			children = (
				DE151AB3205767BB00C2E770 /* Controller */,
				DE151AB2205767B600C2E770 /* View */,
			);
			path = Chat;
			sourceTree = "<group>";
		};
		DE151AAF2057679400C2E770 /* Settings */ = {
			isa = PBXGroup;
			children = (
				DE151AB5205767C800C2E770 /* Controller */,
				DE151AB4205767C400C2E770 /* View */,
			);
			path = Settings;
			sourceTree = "<group>";
		};
		DE151AB1205767AC00C2E770 /* Contacts */ = {
			isa = PBXGroup;
			children = (
				DE151AB8205767D700C2E770 /* Controller */,
				DE151AB6205767CD00C2E770 /* View */,
			);
			path = Contacts;
			sourceTree = "<group>";
		};
		DE151AB2205767B600C2E770 /* View */ = {
			isa = PBXGroup;
			children = (
				DE151AEC2057C31C00C2E770 /* TableViewCell */,
				DE151AB9205767E700C2E770 /* ChatStoryboard.storyboard */,
			);
			path = View;
			sourceTree = "<group>";
		};
		DE151AB3205767BB00C2E770 /* Controller */ = {
			isa = PBXGroup;
			children = (
				DE151ABF2057689100C2E770 /* ChatListingViewController.swift */,
			);
			path = Controller;
			sourceTree = "<group>";
		};
		DE151AB4205767C400C2E770 /* View */ = {
			isa = PBXGroup;
			children = (
				DE151AC52057720400C2E770 /* TableViewCell */,
				DE151ABB205767F500C2E770 /* SettingsStoryboard.storyboard */,
			);
			path = View;
			sourceTree = "<group>";
		};
		DE151AB5205767C800C2E770 /* Controller */ = {
			isa = PBXGroup;
			children = (
				DE151AC1205768C400C2E770 /* SettingsLandingViewController.swift */,
				DE151ACC20578A6F00C2E770 /* AccountViewController.swift */,
				DE151ACE2057992300C2E770 /* PrivacyViewController.swift */,
				DE151AD220579D3500C2E770 /* SelectPrivacyViewController.swift */,
				DE151AD42057A48400C2E770 /* ChangePhoneNumberViewController.swift */,
				DE151ADB2057A75800C2E770 /* DeleteAccountViewController.swift */,
			);
			path = Controller;
			sourceTree = "<group>";
		};
		DE151AB6205767CD00C2E770 /* View */ = {
			isa = PBXGroup;
			children = (
				DE151AF22057C7DC00C2E770 /* TableViewCell */,
				DE151ABD2057680200C2E770 /* ContactsStoryboard.storyboard */,
			);
			path = View;
			sourceTree = "<group>";
		};
		DE151AB8205767D700C2E770 /* Controller */ = {
			isa = PBXGroup;
			children = (
				DE151AF82057C8F200C2E770 /* ContactSearchResultViewController.swift */,
				DE151AC3205768F700C2E770 /* ContactsListingViewController.swift */,
				DE151AFA2057C98700C2E770 /* ContactViewModel.swift */,
				DE151B0520584BC900C2E770 /* ContactProfileViewController.swift */,
			);
			path = Controller;
			sourceTree = "<group>";
		};
		DE151AC52057720400C2E770 /* TableViewCell */ = {
			isa = PBXGroup;
			children = (
				DE151ADD2057A7C100C2E770 /* DeleteInfoCell */,
				DE151AD62057A4FE00C2E770 /* PhoneNumberCell */,
				DE151AC62057721B00C2E770 /* ProfileTableViewCell.swift */,
				DE151AC72057721B00C2E770 /* ProfileTableViewCell.xib */,
			);
			path = TableViewCell;
			sourceTree = "<group>";
		};
		DE151AD62057A4FE00C2E770 /* PhoneNumberCell */ = {
			isa = PBXGroup;
			children = (
				DE151AD72057A4FE00C2E770 /* PhoneNumberTableViewCell.xib */,
				DE151AD82057A4FE00C2E770 /* PhoneNumberTableViewCell.swift */,
			);
			path = PhoneNumberCell;
			sourceTree = "<group>";
		};
		DE151ADD2057A7C100C2E770 /* DeleteInfoCell */ = {
			isa = PBXGroup;
			children = (
				DE151ADE2057A7C100C2E770 /* DeleteInfoTableViewCell.swift */,
				DE151ADF2057A7C100C2E770 /* DeleteInfoTableViewCell.xib */,
			);
			path = DeleteInfoCell;
			sourceTree = "<group>";
		};
		DE151AE22057AB9D00C2E770 /* JobListCell */ = {
			isa = PBXGroup;
			children = (
				DE151AE52057ABF900C2E770 /* JobListCellTableViewCell.swift */,
				DE151AE62057ABF900C2E770 /* JobListCellTableViewCell.xib */,
			);
			name = JobListCell;
			sourceTree = "<group>";
		};
		DE151AEB2057BF1C00C2E770 /* ProfileCell */ = {
			isa = PBXGroup;
			children = (
			);
			name = ProfileCell;
			sourceTree = "<group>";
		};
		DE151AEC2057C31C00C2E770 /* TableViewCell */ = {
			isa = PBXGroup;
			children = (
				DE151AED2057C32500C2E770 /* ChatListing */,
			);
			path = TableViewCell;
			sourceTree = "<group>";
		};
		DE151AED2057C32500C2E770 /* ChatListing */ = {
			isa = PBXGroup;
			children = (
				DE151AEE2057C33D00C2E770 /* ChatListingTableViewCell.swift */,
				DE151AEF2057C33D00C2E770 /* ChatListingTableViewCell.xib */,
			);
			path = ChatListing;
			sourceTree = "<group>";
		};
		DE151AF22057C7DC00C2E770 /* TableViewCell */ = {
			isa = PBXGroup;
			children = (
				DE5569332058DBF8006E52BF /* AddContact */,
				DE151AF32057C7EF00C2E770 /* Contact List */,
			);
			path = TableViewCell;
			sourceTree = "<group>";
		};
		DE151AF32057C7EF00C2E770 /* Contact List */ = {
			isa = PBXGroup;
			children = (
				DE151AF42057C7EF00C2E770 /* ContactListTableViewCell.swift */,
				DE151AF52057C7EF00C2E770 /* ContactListTableViewCell.xib */,
			);
			path = "Contact List";
			sourceTree = "<group>";
		};
		DE151AFC2057CBFC00C2E770 /* Models */ = {
			isa = PBXGroup;
			children = (
				DE151AFE2057CC2200C2E770 /* Status.swift */,
				DE5569472058FE7E006E52BF /* Jobs.swift */,
				DE7785442059FB9B00E66A16 /* Contact.swift */,
			);
			name = Models;
			sourceTree = "<group>";
		};
		DE46857D2050C98F007E2E85 = {
			isa = PBXGroup;
			children = (
				DE4685882050C98F007E2E85 /* JobHub */,
				DE4685872050C98F007E2E85 /* Products */,
				DAC60FA163D998A2E9663D14 /* Pods */,
				F75396D4494E95BADDEAD0B4 /* Frameworks */,
			);
			sourceTree = "<group>";
		};
		DE4685872050C98F007E2E85 /* Products */ = {
			isa = PBXGroup;
			children = (
				DE4685862050C98F007E2E85 /* JobHub.app */,
			);
			name = Products;
			sourceTree = "<group>";
		};
		DE4685882050C98F007E2E85 /* JobHub */ = {
			isa = PBXGroup;
			children = (
				DE55694A20596275006E52BF /* ModelHelpers */,
				DE151AFC2057CBFC00C2E770 /* Models */,
				DE4685BE2050CEEB007E2E85 /* Module */,
				DE4685B92050CE32007E2E85 /* Utilities */,
				DE4685B42050CE23007E2E85 /* Network */,
				DE4685A02050CB29007E2E85 /* SupportingFiles */,
			);
			path = JobHub;
			sourceTree = "<group>";
		};
		DE4685A02050CB29007E2E85 /* SupportingFiles */ = {
			isa = PBXGroup;
			children = (
				DE46859E2050CB23007E2E85 /* GoogleService-Info.plist */,
				DE4685892050C98F007E2E85 /* AppDelegate.swift */,
				DE46858D2050C98F007E2E85 /* Main.storyboard */,
				DE4685932050C98F007E2E85 /* Assets.xcassets */,
				DE4685952050C98F007E2E85 /* LaunchScreen.storyboard */,
				DE4685982050C98F007E2E85 /* Info.plist */,
				DE4685902050C98F007E2E85 /* JobHub.xcdatamodeld */,
			);
			name = SupportingFiles;
			sourceTree = "<group>";
		};
		DE4685B42050CE23007E2E85 /* Network */ = {
			isa = PBXGroup;
			children = (
				DE4685B62050CE2E007E2E85 /* DataFetchManager.swift */,
				DE4685B52050CE2E007E2E85 /* NetworkConstants.swift */,
			);
			name = Network;
			sourceTree = "<group>";
		};
		DE4685B92050CE32007E2E85 /* Utilities */ = {
			isa = PBXGroup;
			children = (
				DE151B012057CC6100C2E770 /* CoreDataHelper.swift */,
				DE58AB802051F3A000D5240A /* TableViewHelper.swift */,
				DE4685CD20510324007E2E85 /* UIViewHelper.swift */,
				DE4685BB2050CE3D007E2E85 /* ActivityIndicatorManager.swift */,
				DE4685BA2050CE3D007E2E85 /* AlertManager.swift */,
				DE4685CB2050D075007E2E85 /* StoryboardHelper.swift */,
				DE151AD0205799C700C2E770 /* Constants.swift */,
				DE151B032057CE2800C2E770 /* StringHelper.swift */,
			);
			name = Utilities;
			sourceTree = "<group>";
		};
		DE4685BE2050CEEB007E2E85 /* Module */ = {
			isa = PBXGroup;
			children = (
				DE5569382058F1BF006E52BF /* People */,
				DE151AB1205767AC00C2E770 /* Contacts */,
				DE151AAF2057679400C2E770 /* Settings */,
				DE151AAE2057678A00C2E770 /* Chat */,
				DE58AB732051EC6B00D5240A /* Home */,
				DE58AB6E2051EBA400D5240A /* Login */,
				DE4685C72050CFFA007E2E85 /* SearchViewController.swift */,
				DE4685C92050D01D007E2E85 /* DataAnalyticsViewController.swift */,
			);
			name = Module;
			sourceTree = "<group>";
		};
		DE5569332058DBF8006E52BF /* AddContact */ = {
			isa = PBXGroup;
			children = (
				DE5569342058DC1B006E52BF /* AddContactTableViewCell.swift */,
				DE5569352058DC1B006E52BF /* AddContactTableViewCell.xib */,
			);
			path = AddContact;
			sourceTree = "<group>";
		};
		DE5569382058F1BF006E52BF /* People */ = {
			isa = PBXGroup;
			children = (
				DE7785462059FD9B00E66A16 /* Model */,
				DE55693A2058F1CA006E52BF /* Controller */,
				DE5569392058F1C5006E52BF /* View */,
			);
			path = People;
			sourceTree = "<group>";
		};
		DE5569392058F1C5006E52BF /* View */ = {
			isa = PBXGroup;
			children = (
				DE55693F2058F3D7006E52BF /* TableView */,
				DE55693B2058F1DA006E52BF /* PeopleStoryboard.storyboard */,
			);
			path = View;
			sourceTree = "<group>";
		};
		DE55693A2058F1CA006E52BF /* Controller */ = {
			isa = PBXGroup;
			children = (
				DE55693D2058F207006E52BF /* PeopleViewController.swift */,
				DE5569452058F7F6006E52BF /* PeopleSearchResultViewController.swift */,
				DEA9E500205C33AF005A0AA3 /* PeopleViewModel.swift */,
			);
			path = Controller;
			sourceTree = "<group>";
		};
		DE55693F2058F3D7006E52BF /* TableView */ = {
			isa = PBXGroup;
			children = (
				DE5569402058F3DD006E52BF /* PeopleListingCell */,
			);
			path = TableView;
			sourceTree = "<group>";
		};
		DE5569402058F3DD006E52BF /* PeopleListingCell */ = {
			isa = PBXGroup;
			children = (
				DE5569412058F3FA006E52BF /* PeopleListingTableViewCell.swift */,
				DE5569422058F3FA006E52BF /* PeopleListingTableViewCell.xib */,
			);
			path = PeopleListingCell;
			sourceTree = "<group>";
		};
		DE55694A20596275006E52BF /* ModelHelpers */ = {
			isa = PBXGroup;
			children = (
				DE55694B2059628D006E52BF /* JobHelper.swift */,
			);
			path = ModelHelpers;
			sourceTree = "<group>";
		};
		DE58AB6E2051EBA400D5240A /* Login */ = {
			isa = PBXGroup;
			children = (
				DE58AB6F2051EBC400D5240A /* LoginViewController.swift */,
				DE58AB702051EBC400D5240A /* SignUpViewController.swift */,
				DE55694D2059A9EC006E52BF /* RegistrationViewController.swift */,
			);
			name = Login;
			sourceTree = "<group>";
		};
		DE58AB732051EC6B00D5240A /* Home */ = {
			isa = PBXGroup;
			children = (
				DE58AB842052C99900D5240A /* Views */,
				DE58AB772051ECC000D5240A /* Storyboard */,
				DE58AB762051ECBA00D5240A /* ViewController */,
			);
			name = Home;
			sourceTree = "<group>";
		};
		DE58AB762051ECBA00D5240A /* ViewController */ = {
			isa = PBXGroup;
			children = (
				DE58AB782051ECCF00D5240A /* JobTitlesViewController.swift */,
				DE58AB7C2051F16800D5240A /* JobIndustryViewController.swift */,
				DE58AB7E2051F1AD00D5240A /* JobLocationViewController.swift */,
				DE58AB82205276F100D5240A /* JobSearchViewController.swift */,
				DE58AB912052F0CC00D5240A /* JobHomeViewController.swift */,
				DE151AE92057AF3100C2E770 /* JobSearchListingViewController.swift */,
			);
			name = ViewController;
			sourceTree = "<group>";
		};
		DE58AB772051ECC000D5240A /* Storyboard */ = {
			isa = PBXGroup;
			children = (
				DE58AB7A2051ECE600D5240A /* HomeStoryboard.storyboard */,
			);
			name = Storyboard;
			sourceTree = "<group>";
		};
		DE58AB842052C99900D5240A /* Views */ = {
			isa = PBXGroup;
			children = (
				DE58AB852052C9A000D5240A /* TableViewCell */,
			);
			name = Views;
			sourceTree = "<group>";
		};
		DE58AB852052C9A000D5240A /* TableViewCell */ = {
			isa = PBXGroup;
			children = (
				DE151AEB2057BF1C00C2E770 /* ProfileCell */,
				DE151AE22057AB9D00C2E770 /* JobListCell */,
				DE58AB8C2052D1F000D5240A /* JobTitle */,
			);
			name = TableViewCell;
			sourceTree = "<group>";
		};
		DE58AB8C2052D1F000D5240A /* JobTitle */ = {
			isa = PBXGroup;
			children = (
				DE58AB8D2052D20500D5240A /* JobFilterTableViewCell.swift */,
				DE58AB8E2052D20500D5240A /* JobFilterTableViewCell.xib */,
			);
			name = JobTitle;
			sourceTree = "<group>";
		};
		DE7785462059FD9B00E66A16 /* Model */ = {
			isa = PBXGroup;
			children = (
				DE7785472059FDAC00E66A16 /* People.swift */,
			);
			path = Model;
			sourceTree = "<group>";
		};
		F75396D4494E95BADDEAD0B4 /* Frameworks */ = {
			isa = PBXGroup;
			children = (
				25C6AB7571DB07E4BC6A8851 /* Pods_JobHub.framework */,
			);
			name = Frameworks;
			sourceTree = "<group>";
		};
/* End PBXGroup section */

/* Begin PBXNativeTarget section */
		DE4685852050C98F007E2E85 /* JobHub */ = {
			isa = PBXNativeTarget;
			buildConfigurationList = DE46859B2050C98F007E2E85 /* Build configuration list for PBXNativeTarget "JobHub" */;
			buildPhases = (
				7B573508A3E135E0B0D77B7A /* [CP] Check Pods Manifest.lock */,
				DE4685822050C98F007E2E85 /* Sources */,
				DE4685832050C98F007E2E85 /* Frameworks */,
				DE4685842050C98F007E2E85 /* Resources */,
				F845763FB2EAB4EF78139950 /* [CP] Embed Pods Frameworks */,
				987A3E56DAB9AC0AD9822FC5 /* [CP] Copy Pods Resources */,
			);
			buildRules = (
			);
			dependencies = (
			);
			name = JobHub;
			productName = JobHub;
			productReference = DE4685862050C98F007E2E85 /* JobHub.app */;
			productType = "com.apple.product-type.application";
		};
/* End PBXNativeTarget section */

/* Begin PBXProject section */
		DE46857E2050C98F007E2E85 /* Project object */ = {
			isa = PBXProject;
			attributes = {
				LastSwiftUpdateCheck = 0920;
				LastUpgradeCheck = 0920;
				ORGANIZATIONNAME = "Ankit Angra";
				TargetAttributes = {
					DE4685852050C98F007E2E85 = {
						CreatedOnToolsVersion = 9.2;
						ProvisioningStyle = Automatic;
					};
				};
			};
			buildConfigurationList = DE4685812050C98F007E2E85 /* Build configuration list for PBXProject "JobHub" */;
			compatibilityVersion = "Xcode 8.0";
			developmentRegion = en;
			hasScannedForEncodings = 0;
			knownRegions = (
				en,
				Base,
			);
			mainGroup = DE46857D2050C98F007E2E85;
			productRefGroup = DE4685872050C98F007E2E85 /* Products */;
			projectDirPath = "";
			projectRoot = "";
			targets = (
				DE4685852050C98F007E2E85 /* JobHub */,
			);
		};
/* End PBXProject section */

/* Begin PBXResourcesBuildPhase section */
		DE4685842050C98F007E2E85 /* Resources */ = {
			isa = PBXResourcesBuildPhase;
			buildActionMask = 2147483647;
			files = (
				DE151AF72057C7F000C2E770 /* ContactListTableViewCell.xib in Resources */,
				DE4685972050C98F007E2E85 /* LaunchScreen.storyboard in Resources */,
				DE46859F2050CB23007E2E85 /* GoogleService-Info.plist in Resources */,
				DE151AE12057A7C100C2E770 /* DeleteInfoTableViewCell.xib in Resources */,
				DE5569372058DC1B006E52BF /* AddContactTableViewCell.xib in Resources */,
				DE151AE82057ABF900C2E770 /* JobListCellTableViewCell.xib in Resources */,
				DE58AB902052D20500D5240A /* JobFilterTableViewCell.xib in Resources */,
				DE4685942050C98F007E2E85 /* Assets.xcassets in Resources */,
				DE46858F2050C98F007E2E85 /* Main.storyboard in Resources */,
				DE151ABE2057680200C2E770 /* ContactsStoryboard.storyboard in Resources */,
				DE58AB7B2051ECE600D5240A /* HomeStoryboard.storyboard in Resources */,
				DE151AD92057A4FE00C2E770 /* PhoneNumberTableViewCell.xib in Resources */,
				DE151ABC205767F500C2E770 /* SettingsStoryboard.storyboard in Resources */,
				DE151ABA205767E700C2E770 /* ChatStoryboard.storyboard in Resources */,
				DE55693C2058F1DA006E52BF /* PeopleStoryboard.storyboard in Resources */,
				DE151AF12057C33D00C2E770 /* ChatListingTableViewCell.xib in Resources */,
				DE151AC92057721B00C2E770 /* ProfileTableViewCell.xib in Resources */,
				DE5569442058F3FA006E52BF /* PeopleListingTableViewCell.xib in Resources */,
			);
			runOnlyForDeploymentPostprocessing = 0;
		};
/* End PBXResourcesBuildPhase section */

/* Begin PBXShellScriptBuildPhase section */
		7B573508A3E135E0B0D77B7A /* [CP] Check Pods Manifest.lock */ = {
			isa = PBXShellScriptBuildPhase;
			buildActionMask = 2147483647;
			files = (
			);
			inputPaths = (
				"${PODS_PODFILE_DIR_PATH}/Podfile.lock",
				"${PODS_ROOT}/Manifest.lock",
			);
			name = "[CP] Check Pods Manifest.lock";
			outputPaths = (
				"$(DERIVED_FILE_DIR)/Pods-JobHub-checkManifestLockResult.txt",
			);
			runOnlyForDeploymentPostprocessing = 0;
			shellPath = /bin/sh;
			shellScript = "diff \"${PODS_PODFILE_DIR_PATH}/Podfile.lock\" \"${PODS_ROOT}/Manifest.lock\" > /dev/null\nif [ $? != 0 ] ; then\n    # print error to STDERR\n    echo \"error: The sandbox is not in sync with the Podfile.lock. Run 'pod install' or update your CocoaPods installation.\" >&2\n    exit 1\nfi\n# This output is used by Xcode 'outputs' to avoid re-running this script phase.\necho \"SUCCESS\" > \"${SCRIPT_OUTPUT_FILE_0}\"\n";
			showEnvVarsInLog = 0;
		};
		987A3E56DAB9AC0AD9822FC5 /* [CP] Copy Pods Resources */ = {
			isa = PBXShellScriptBuildPhase;
			buildActionMask = 2147483647;
			files = (
			);
			inputPaths = (
			);
			name = "[CP] Copy Pods Resources";
			outputPaths = (
			);
			runOnlyForDeploymentPostprocessing = 0;
			shellPath = /bin/sh;
			shellScript = "\"${SRCROOT}/Pods/Target Support Files/Pods-JobHub/Pods-JobHub-resources.sh\"\n";
			showEnvVarsInLog = 0;
		};
		F845763FB2EAB4EF78139950 /* [CP] Embed Pods Frameworks */ = {
			isa = PBXShellScriptBuildPhase;
			buildActionMask = 2147483647;
			files = (
			);
			inputPaths = (
				"${SRCROOT}/Pods/Target Support Files/Pods-JobHub/Pods-JobHub-frameworks.sh",
				"${BUILT_PRODUCTS_DIR}/GTMSessionFetcher/GTMSessionFetcher.framework",
				"${BUILT_PRODUCTS_DIR}/GoogleToolboxForMac/GoogleToolboxForMac.framework",
				"${BUILT_PRODUCTS_DIR}/IQKeyboardManagerSwift/IQKeyboardManagerSwift.framework",
				"${BUILT_PRODUCTS_DIR}/JVFloatLabeledTextField/JVFloatLabeledTextField.framework",
				"${BUILT_PRODUCTS_DIR}/SDWebImage/SDWebImage.framework",
				"${BUILT_PRODUCTS_DIR}/SVProgressHUD/SVProgressHUD.framework",
				"${BUILT_PRODUCTS_DIR}/TOCropViewController/TOCropViewController.framework",
				"${BUILT_PRODUCTS_DIR}/leveldb-library/leveldb.framework",
				"${BUILT_PRODUCTS_DIR}/nanopb/nanopb.framework",
			);
			name = "[CP] Embed Pods Frameworks";
			outputPaths = (
				"${TARGET_BUILD_DIR}/${FRAMEWORKS_FOLDER_PATH}/GTMSessionFetcher.framework",
				"${TARGET_BUILD_DIR}/${FRAMEWORKS_FOLDER_PATH}/GoogleToolboxForMac.framework",
				"${TARGET_BUILD_DIR}/${FRAMEWORKS_FOLDER_PATH}/IQKeyboardManagerSwift.framework",
				"${TARGET_BUILD_DIR}/${FRAMEWORKS_FOLDER_PATH}/JVFloatLabeledTextField.framework",
				"${TARGET_BUILD_DIR}/${FRAMEWORKS_FOLDER_PATH}/SDWebImage.framework",
				"${TARGET_BUILD_DIR}/${FRAMEWORKS_FOLDER_PATH}/SVProgressHUD.framework",
				"${TARGET_BUILD_DIR}/${FRAMEWORKS_FOLDER_PATH}/TOCropViewController.framework",
				"${TARGET_BUILD_DIR}/${FRAMEWORKS_FOLDER_PATH}/leveldb.framework",
				"${TARGET_BUILD_DIR}/${FRAMEWORKS_FOLDER_PATH}/nanopb.framework",
			);
			runOnlyForDeploymentPostprocessing = 0;
			shellPath = /bin/sh;
			shellScript = "\"${SRCROOT}/Pods/Target Support Files/Pods-JobHub/Pods-JobHub-frameworks.sh\"\n";
			showEnvVarsInLog = 0;
		};
/* End PBXShellScriptBuildPhase section */

/* Begin PBXSourcesBuildPhase section */
		DE4685822050C98F007E2E85 /* Sources */ = {
			isa = PBXSourcesBuildPhase;
			buildActionMask = 2147483647;
			files = (
				DE151AD52057A48400C2E770 /* ChangePhoneNumberViewController.swift in Sources */,
				DE151AC4205768F700C2E770 /* ContactsListingViewController.swift in Sources */,
				DE4685C82050CFFA007E2E85 /* SearchViewController.swift in Sources */,
				DE151ACD20578A6F00C2E770 /* AccountViewController.swift in Sources */,
				DE151AC82057721B00C2E770 /* ProfileTableViewCell.swift in Sources */,
				DE151ADC2057A75800C2E770 /* DeleteAccountViewController.swift in Sources */,
				DE151AF62057C7F000C2E770 /* ContactListTableViewCell.swift in Sources */,
				DE151B0620584BC900C2E770 /* ContactProfileViewController.swift in Sources */,
				DE4685B72050CE2E007E2E85 /* NetworkConstants.swift in Sources */,
				DE4685CE20510324007E2E85 /* UIViewHelper.swift in Sources */,
				DE151AF02057C33D00C2E770 /* ChatListingTableViewCell.swift in Sources */,
				DE5569362058DC1B006E52BF /* AddContactTableViewCell.swift in Sources */,
				DE151B022057CC6200C2E770 /* CoreDataHelper.swift in Sources */,
				DE58AB812051F3A000D5240A /* TableViewHelper.swift in Sources */,
				DE151AD1205799C700C2E770 /* Constants.swift in Sources */,
				DE4685BD2050CE3D007E2E85 /* ActivityIndicatorManager.swift in Sources */,
				DE4685BC2050CE3D007E2E85 /* AlertManager.swift in Sources */,
				DE151AF92057C8F300C2E770 /* ContactSearchResultViewController.swift in Sources */,
				DE4685922050C98F007E2E85 /* JobHub.xcdatamodeld in Sources */,
				DE151AD320579D3500C2E770 /* SelectPrivacyViewController.swift in Sources */,
				DE151AC02057689100C2E770 /* ChatListingViewController.swift in Sources */,
				DE55694C2059628D006E52BF /* JobHelper.swift in Sources */,
				DE4685CC2050D075007E2E85 /* StoryboardHelper.swift in Sources */,
				DE151AFB2057C98700C2E770 /* ContactViewModel.swift in Sources */,
				DE58AB722051EBC400D5240A /* SignUpViewController.swift in Sources */,
				DE55693E2058F207006E52BF /* PeopleViewController.swift in Sources */,
				DE58AB7D2051F16800D5240A /* JobIndustryViewController.swift in Sources */,
				DE58AB83205276F100D5240A /* JobSearchViewController.swift in Sources */,
				DE151AE72057ABF900C2E770 /* JobListCellTableViewCell.swift in Sources */,
				DE151AEA2057AF3100C2E770 /* JobSearchListingViewController.swift in Sources */,
				DE58AB792051ECD000D5240A /* JobTitlesViewController.swift in Sources */,
				DEA9E501205C33AF005A0AA3 /* PeopleViewModel.swift in Sources */,
				DE58AB8F2052D20500D5240A /* JobFilterTableViewCell.swift in Sources */,
				DE151AE02057A7C100C2E770 /* DeleteInfoTableViewCell.swift in Sources */,
				DE151ACF2057992300C2E770 /* PrivacyViewController.swift in Sources */,
				DE151AC2205768C400C2E770 /* SettingsLandingViewController.swift in Sources */,
				DE151ADA2057A4FE00C2E770 /* PhoneNumberTableViewCell.swift in Sources */,
				DE58AB7F2051F1AD00D5240A /* JobLocationViewController.swift in Sources */,
				DE4685CA2050D01D007E2E85 /* DataAnalyticsViewController.swift in Sources */,
				DE55694E2059A9EC006E52BF /* RegistrationViewController.swift in Sources */,
				DE58AB922052F0CC00D5240A /* JobHomeViewController.swift in Sources */,
				DE151B002057CC2200C2E770 /* Status.swift in Sources */,
				DE5569482058FE7E006E52BF /* Jobs.swift in Sources */,
				DE46858A2050C98F007E2E85 /* AppDelegate.swift in Sources */,
				DE7785452059FB9B00E66A16 /* Contact.swift in Sources */,
				DE7785482059FDAC00E66A16 /* People.swift in Sources */,
				DE58AB712051EBC400D5240A /* LoginViewController.swift in Sources */,
				DE5569462058F7F6006E52BF /* PeopleSearchResultViewController.swift in Sources */,
				DE4685B82050CE2E007E2E85 /* DataFetchManager.swift in Sources */,
				DE5569432058F3FA006E52BF /* PeopleListingTableViewCell.swift in Sources */,
				DE151B042057CE2800C2E770 /* StringHelper.swift in Sources */,
			);
			runOnlyForDeploymentPostprocessing = 0;
		};
/* End PBXSourcesBuildPhase section */

/* Begin PBXVariantGroup section */
		DE46858D2050C98F007E2E85 /* Main.storyboard */ = {
			isa = PBXVariantGroup;
			children = (
				DE46858E2050C98F007E2E85 /* Base */,
			);
			name = Main.storyboard;
			sourceTree = "<group>";
		};
		DE4685952050C98F007E2E85 /* LaunchScreen.storyboard */ = {
			isa = PBXVariantGroup;
			children = (
				DE4685962050C98F007E2E85 /* Base */,
			);
			name = LaunchScreen.storyboard;
			sourceTree = "<group>";
		};
/* End PBXVariantGroup section */

/* Begin XCBuildConfiguration section */
		DE4685992050C98F007E2E85 /* Debug */ = {
			isa = XCBuildConfiguration;
			buildSettings = {
				ALWAYS_SEARCH_USER_PATHS = NO;
				CLANG_ANALYZER_NONNULL = YES;
				CLANG_ANALYZER_NUMBER_OBJECT_CONVERSION = YES_AGGRESSIVE;
				CLANG_CXX_LANGUAGE_STANDARD = "gnu++14";
				CLANG_CXX_LIBRARY = "libc++";
				CLANG_ENABLE_MODULES = YES;
				CLANG_ENABLE_OBJC_ARC = YES;
				CLANG_WARN_BLOCK_CAPTURE_AUTORELEASING = YES;
				CLANG_WARN_BOOL_CONVERSION = YES;
				CLANG_WARN_COMMA = YES;
				CLANG_WARN_CONSTANT_CONVERSION = YES;
				CLANG_WARN_DIRECT_OBJC_ISA_USAGE = YES_ERROR;
				CLANG_WARN_DOCUMENTATION_COMMENTS = YES;
				CLANG_WARN_EMPTY_BODY = YES;
				CLANG_WARN_ENUM_CONVERSION = YES;
				CLANG_WARN_INFINITE_RECURSION = YES;
				CLANG_WARN_INT_CONVERSION = YES;
				CLANG_WARN_NON_LITERAL_NULL_CONVERSION = YES;
				CLANG_WARN_OBJC_LITERAL_CONVERSION = YES;
				CLANG_WARN_OBJC_ROOT_CLASS = YES_ERROR;
				CLANG_WARN_RANGE_LOOP_ANALYSIS = YES;
				CLANG_WARN_STRICT_PROTOTYPES = YES;
				CLANG_WARN_SUSPICIOUS_MOVE = YES;
				CLANG_WARN_UNGUARDED_AVAILABILITY = YES_AGGRESSIVE;
				CLANG_WARN_UNREACHABLE_CODE = YES;
				CLANG_WARN__DUPLICATE_METHOD_MATCH = YES;
				CODE_SIGN_IDENTITY = "iPhone Developer";
				COPY_PHASE_STRIP = NO;
				DEBUG_INFORMATION_FORMAT = dwarf;
				ENABLE_STRICT_OBJC_MSGSEND = YES;
				ENABLE_TESTABILITY = YES;
				GCC_C_LANGUAGE_STANDARD = gnu11;
				GCC_DYNAMIC_NO_PIC = NO;
				GCC_NO_COMMON_BLOCKS = YES;
				GCC_OPTIMIZATION_LEVEL = 0;
				GCC_PREPROCESSOR_DEFINITIONS = (
					"DEBUG=1",
					"$(inherited)",
				);
				GCC_WARN_64_TO_32_BIT_CONVERSION = YES;
				GCC_WARN_ABOUT_RETURN_TYPE = YES_ERROR;
				GCC_WARN_UNDECLARED_SELECTOR = YES;
				GCC_WARN_UNINITIALIZED_AUTOS = YES_AGGRESSIVE;
				GCC_WARN_UNUSED_FUNCTION = YES;
				GCC_WARN_UNUSED_VARIABLE = YES;
				IPHONEOS_DEPLOYMENT_TARGET = 11.2;
				MTL_ENABLE_DEBUG_INFO = YES;
				ONLY_ACTIVE_ARCH = YES;
				SDKROOT = iphoneos;
				SWIFT_ACTIVE_COMPILATION_CONDITIONS = DEBUG;
				SWIFT_OPTIMIZATION_LEVEL = "-Onone";
			};
			name = Debug;
		};
		DE46859A2050C98F007E2E85 /* Release */ = {
			isa = XCBuildConfiguration;
			buildSettings = {
				ALWAYS_SEARCH_USER_PATHS = NO;
				CLANG_ANALYZER_NONNULL = YES;
				CLANG_ANALYZER_NUMBER_OBJECT_CONVERSION = YES_AGGRESSIVE;
				CLANG_CXX_LANGUAGE_STANDARD = "gnu++14";
				CLANG_CXX_LIBRARY = "libc++";
				CLANG_ENABLE_MODULES = YES;
				CLANG_ENABLE_OBJC_ARC = YES;
				CLANG_WARN_BLOCK_CAPTURE_AUTORELEASING = YES;
				CLANG_WARN_BOOL_CONVERSION = YES;
				CLANG_WARN_COMMA = YES;
				CLANG_WARN_CONSTANT_CONVERSION = YES;
				CLANG_WARN_DIRECT_OBJC_ISA_USAGE = YES_ERROR;
				CLANG_WARN_DOCUMENTATION_COMMENTS = YES;
				CLANG_WARN_EMPTY_BODY = YES;
				CLANG_WARN_ENUM_CONVERSION = YES;
				CLANG_WARN_INFINITE_RECURSION = YES;
				CLANG_WARN_INT_CONVERSION = YES;
				CLANG_WARN_NON_LITERAL_NULL_CONVERSION = YES;
				CLANG_WARN_OBJC_LITERAL_CONVERSION = YES;
				CLANG_WARN_OBJC_ROOT_CLASS = YES_ERROR;
				CLANG_WARN_RANGE_LOOP_ANALYSIS = YES;
				CLANG_WARN_STRICT_PROTOTYPES = YES;
				CLANG_WARN_SUSPICIOUS_MOVE = YES;
				CLANG_WARN_UNGUARDED_AVAILABILITY = YES_AGGRESSIVE;
				CLANG_WARN_UNREACHABLE_CODE = YES;
				CLANG_WARN__DUPLICATE_METHOD_MATCH = YES;
				CODE_SIGN_IDENTITY = "iPhone Developer";
				COPY_PHASE_STRIP = NO;
				DEBUG_INFORMATION_FORMAT = "dwarf-with-dsym";
				ENABLE_NS_ASSERTIONS = NO;
				ENABLE_STRICT_OBJC_MSGSEND = YES;
				GCC_C_LANGUAGE_STANDARD = gnu11;
				GCC_NO_COMMON_BLOCKS = YES;
				GCC_WARN_64_TO_32_BIT_CONVERSION = YES;
				GCC_WARN_ABOUT_RETURN_TYPE = YES_ERROR;
				GCC_WARN_UNDECLARED_SELECTOR = YES;
				GCC_WARN_UNINITIALIZED_AUTOS = YES_AGGRESSIVE;
				GCC_WARN_UNUSED_FUNCTION = YES;
				GCC_WARN_UNUSED_VARIABLE = YES;
				IPHONEOS_DEPLOYMENT_TARGET = 11.2;
				MTL_ENABLE_DEBUG_INFO = NO;
				SDKROOT = iphoneos;
				SWIFT_OPTIMIZATION_LEVEL = "-Owholemodule";
				VALIDATE_PRODUCT = YES;
			};
			name = Release;
		};
		DE46859C2050C98F007E2E85 /* Debug */ = {
			isa = XCBuildConfiguration;
			baseConfigurationReference = 997AF5F7BF040DCF5532CD4B /* Pods-JobHub.debug.xcconfig */;
			buildSettings = {
				ASSETCATALOG_COMPILER_APPICON_NAME = AppIcon;
				CODE_SIGN_STYLE = Automatic;
				DEVELOPMENT_TEAM = H4L8MWY7R8;
				INFOPLIST_FILE = JobHub/Info.plist;
				LD_RUNPATH_SEARCH_PATHS = "$(inherited) @executable_path/Frameworks";
				PRODUCT_BUNDLE_IDENTIFIER = aaa.JobHub.www;
				PRODUCT_NAME = "$(TARGET_NAME)";
				SWIFT_VERSION = 4.0;
				TARGETED_DEVICE_FAMILY = "1,2";
			};
			name = Debug;
		};
		DE46859D2050C98F007E2E85 /* Release */ = {
			isa = XCBuildConfiguration;
			baseConfigurationReference = 7105ADAE8AEF1B0FC18DC068 /* Pods-JobHub.release.xcconfig */;
			buildSettings = {
				ASSETCATALOG_COMPILER_APPICON_NAME = AppIcon;
				CODE_SIGN_STYLE = Automatic;
				DEVELOPMENT_TEAM = H4L8MWY7R8;
				INFOPLIST_FILE = JobHub/Info.plist;
				LD_RUNPATH_SEARCH_PATHS = "$(inherited) @executable_path/Frameworks";
				PRODUCT_BUNDLE_IDENTIFIER = aaa.JobHub.www;
				PRODUCT_NAME = "$(TARGET_NAME)";
				SWIFT_VERSION = 4.0;
				TARGETED_DEVICE_FAMILY = "1,2";
			};
			name = Release;
		};
/* End XCBuildConfiguration section */

/* Begin XCConfigurationList section */
		DE4685812050C98F007E2E85 /* Build configuration list for PBXProject "JobHub" */ = {
			isa = XCConfigurationList;
			buildConfigurations = (
				DE4685992050C98F007E2E85 /* Debug */,
				DE46859A2050C98F007E2E85 /* Release */,
			);
			defaultConfigurationIsVisible = 0;
			defaultConfigurationName = Release;
		};
		DE46859B2050C98F007E2E85 /* Build configuration list for PBXNativeTarget "JobHub" */ = {
			isa = XCConfigurationList;
			buildConfigurations = (
				DE46859C2050C98F007E2E85 /* Debug */,
				DE46859D2050C98F007E2E85 /* Release */,
			);
			defaultConfigurationIsVisible = 0;
			defaultConfigurationName = Release;
		};
/* End XCConfigurationList section */

/* Begin XCVersionGroup section */
		DE4685902050C98F007E2E85 /* JobHub.xcdatamodeld */ = {
			isa = XCVersionGroup;
			children = (
				DE4685912050C98F007E2E85 /* JobHub.xcdatamodel */,
			);
			currentVersion = DE4685912050C98F007E2E85 /* JobHub.xcdatamodel */;
			path = JobHub.xcdatamodeld;
			sourceTree = "<group>";
			versionGroupType = wrapper.xcdatamodel;
		};
/* End XCVersionGroup section */
	};
	rootObject = DE46857E2050C98F007E2E85 /* Project object */;
}
